
Microsoft Visual Studio Solution File, Format Version 12.00
# Visual Studio Version 16
VisualStudioVersion = 16.0.28803.156
MinimumVisualStudioVersion = 10.0.40219.1
Project("{FAE04EC0-301F-11D3-BF4B-00C04F79EFBC}") = "BlackJack.DAL", "BlackJack.DAL\BlackJack.DAL.csproj", "{5B917759-CEF4-4DF1-B691-8862E332796D}"
EndProject
Project("{FAE04EC0-301F-11D3-BF4B-00C04F79EFBC}") = "BlackJack.WEB", "BlackJack.WEB\BlackJack.WEB.csproj", "{DA795197-9A65-4EBF-89B4-D22F5B44D1E5}"
EndProject
Project("{FAE04EC0-301F-11D3-BF4B-00C04F79EFBC}") = "BlackJack.BLL", "BlackJack.BLL\BlackJack.BLL.csproj", "{8F7E6AAE-83CC-44EC-8AD4-D83535E7FC7E}"
EndProject
Global
	GlobalSection(SolutionConfigurationPlatforms) = preSolution
		Debug|Any CPU = Debug|Any CPU
		Release|Any CPU = Release|Any CPU
	EndGlobalSection
	GlobalSection(ProjectConfigurationPlatforms) = postSolution
		{5B917759-CEF4-4DF1-B691-8862E332796D}.Debug|Any CPU.ActiveCfg = Debug|Any CPU
		{5B917759-CEF4-4DF1-B691-8862E332796D}.Debug|Any CPU.Build.0 = Debug|Any CPU
		{5B917759-CEF4-4DF1-B691-8862E332796D}.Release|Any CPU.ActiveCfg = Release|Any CPU
		{5B917759-CEF4-4DF1-B691-8862E332796D}.Release|Any CPU.Build.0 = Release|Any CPU
		{DA795197-9A65-4EBF-89B4-D22F5B44D1E5}.Debug|Any CPU.ActiveCfg = Debug|Any CPU
		{DA795197-9A65-4EBF-89B4-D22F5B44D1E5}.Debug|Any CPU.Build.0 = Debug|Any CPU
		{DA795197-9A65-4EBF-89B4-D22F5B44D1E5}.Release|Any CPU.ActiveCfg = Release|Any CPU
		{DA795197-9A65-4EBF-89B4-D22F5B44D1E5}.Release|Any CPU.Build.0 = Release|Any CPU
		{8F7E6AAE-83CC-44EC-8AD4-D83535E7FC7E}.Debug|Any CPU.ActiveCfg = Debug|Any CPU
		{8F7E6AAE-83CC-44EC-8AD4-D83535E7FC7E}.Debug|Any CPU.Build.0 = Debug|Any CPU
		{8F7E6AAE-83CC-44EC-8AD4-D83535E7FC7E}.Release|Any CPU.ActiveCfg = Release|Any CPU
		{8F7E6AAE-83CC-44EC-8AD4-D83535E7FC7E}.Release|Any CPU.Build.0 = Release|Any CPU
	EndGlobalSection
	GlobalSection(SolutionProperties) = preSolution
		HideSolutionNode = FALSE
	EndGlobalSection
	GlobalSection(ExtensibilityGlobals) = postSolution
		SolutionGuid = {0F3BFB59-046B-4A9B-B6ED-98C247A5BE26}
	EndGlobalSection
EndGlobal
